
Microsoft Visual Studio Solution File, Format Version 12.00
# Visual Studio Version 17
VisualStudioVersion = 17.3.32929.385
MinimumVisualStudioVersion = 10.0.40219.1
Project("{FAE04EC0-301F-11D3-BF4B-00C04F79EFBC}") = "WebSocketGame1", "WebSocketGame1\WebSocketGame1.csproj", "{CEBA7FC5-38A1-4C4E-88AA-0E15B81FBE79}"
EndProject
Global
	GlobalSection(SolutionConfigurationPlatforms) = preSolution
		Debug|Any CPU = Debug|Any CPU
		Release|Any CPU = Release|Any CPU
	EndGlobalSection
	GlobalSection(ProjectConfigurationPlatforms) = postSolution
		{CEBA7FC5-38A1-4C4E-88AA-0E15B81FBE79}.Debug|Any CPU.ActiveCfg = Debug|Any CPU
		{CEBA7FC5-38A1-4C4E-88AA-0E15B81FBE79}.Debug|Any CPU.Build.0 = Debug|Any CPU
		{CEBA7FC5-38A1-4C4E-88AA-0E15B81FBE79}.Release|Any CPU.ActiveCfg = Release|Any CPU
		{CEBA7FC5-38A1-4C4E-88AA-0E15B81FBE79}.Release|Any CPU.Build.0 = Release|Any CPU
	EndGlobalSection
	GlobalSection(SolutionProperties) = preSolution
		HideSolutionNode = FALSE
	EndGlobalSection
	GlobalSection(ExtensibilityGlobals) = postSolution
		SolutionGuid = {0A8691C1-CE4C-4E63-8A3A-EC989F7D4D98}
	EndGlobalSection
EndGlobal
